{
  "name": "use-private-repo-npm-module",
  "version": "1.0.0",
  "lockfileVersion": 2,
  "requires": true,
  "packages": {
    "": {
      "name": "use-private-repo-npm-module",
      "version": "1.0.0",
      "license": "ISC",
      "dependencies": {
        "private-repo-npm-module": "timowang1991/private-repo-npm-module#semver:^1.0.0"
      }
    },
    "node_modules/private-repo-npm-module": {
      "version": "1.0.0",
      "resolved": "git+ssh://git@github.com/timowang1991/private-repo-npm-module.git#29c196b8681760eda552c178e90c56735bdd1b50",
      "license": "ISC"
    }
  },
  "dependencies": {
    "private-repo-npm-module": {
      "version": "git+ssh://git@github.com/timowang1991/private-repo-npm-module.git#29c196b8681760eda552c178e90c56735bdd1b50",
      "from": "private-repo-npm-module@timowang1991/private-repo-npm-module#semver:^1.0.0"
    }
  }
}
